
Microsoft Visual Studio Solution File, Format Version 12.00
# Visual Studio Version 17
VisualStudioVersion = 17.3.32929.385
MinimumVisualStudioVersion = 10.0.40219.1
Project("{FAE04EC0-301F-11D3-BF4B-00C04F79EFBC}") = "ShopOnline.Web", "ShopOnline.Web\ShopOnline.Web.csproj", "{36DA01BB-3296-4EEC-ACA2-EAB9D8D53400}"
EndProject
Project("{FAE04EC0-301F-11D3-BF4B-00C04F79EFBC}") = "ShopOnline.Api", "ShopOnline.Api\ShopOnline.Api.csproj", "{42B4020C-3828-4835-80BB-A40CB5D88ABF}"
	ProjectSection(ProjectDependencies) = postProject
		{36DA01BB-3296-4EEC-ACA2-EAB9D8D53400} = {36DA01BB-3296-4EEC-ACA2-EAB9D8D53400}
	EndProjectSection
EndProject
Project("{FAE04EC0-301F-11D3-BF4B-00C04F79EFBC}") = "ShopOnline.Models", "ShopOnline.Model\ShopOnline.Models.csproj", "{9C394704-C26B-43C2-867D-96E66C5F25A5}"
EndProject
Global
	GlobalSection(SolutionConfigurationPlatforms) = preSolution
		Debug|Any CPU = Debug|Any CPU
		Release|Any CPU = Release|Any CPU
	EndGlobalSection
	GlobalSection(ProjectConfigurationPlatforms) = postSolution
		{36DA01BB-3296-4EEC-ACA2-EAB9D8D53400}.Debug|Any CPU.ActiveCfg = Debug|Any CPU
		{36DA01BB-3296-4EEC-ACA2-EAB9D8D53400}.Debug|Any CPU.Build.0 = Debug|Any CPU
		{36DA01BB-3296-4EEC-ACA2-EAB9D8D53400}.Release|Any CPU.ActiveCfg = Release|Any CPU
		{36DA01BB-3296-4EEC-ACA2-EAB9D8D53400}.Release|Any CPU.Build.0 = Release|Any CPU
		{42B4020C-3828-4835-80BB-A40CB5D88ABF}.Debug|Any CPU.ActiveCfg = Debug|Any CPU
		{42B4020C-3828-4835-80BB-A40CB5D88ABF}.Debug|Any CPU.Build.0 = Debug|Any CPU
		{42B4020C-3828-4835-80BB-A40CB5D88ABF}.Release|Any CPU.ActiveCfg = Release|Any CPU
		{42B4020C-3828-4835-80BB-A40CB5D88ABF}.Release|Any CPU.Build.0 = Release|Any CPU
		{9C394704-C26B-43C2-867D-96E66C5F25A5}.Debug|Any CPU.ActiveCfg = Debug|Any CPU
		{9C394704-C26B-43C2-867D-96E66C5F25A5}.Debug|Any CPU.Build.0 = Debug|Any CPU
		{9C394704-C26B-43C2-867D-96E66C5F25A5}.Release|Any CPU.ActiveCfg = Release|Any CPU
		{9C394704-C26B-43C2-867D-96E66C5F25A5}.Release|Any CPU.Build.0 = Release|Any CPU
	EndGlobalSection
	GlobalSection(SolutionProperties) = preSolution
		HideSolutionNode = FALSE
	EndGlobalSection
	GlobalSection(ExtensibilityGlobals) = postSolution
		SolutionGuid = {3955EEA9-4742-4E17-9091-29FC15DEDB3E}
	EndGlobalSection
EndGlobal
